
Microsoft Visual Studio Solution File, Format Version 12.00
# Visual Studio Version 16
VisualStudioVersion = 16.0.29911.84
MinimumVisualStudioVersion = 10.0.40219.1
Project("{FAE04EC0-301F-11D3-BF4B-00C04F79EFBC}") = "задание 11", "задание 11.csproj", "{C4497037-CF8E-4DE2-A7F6-AB4F8468BEEE}"
EndProject
Global
	GlobalSection(SolutionConfigurationPlatforms) = preSolution
		Debug|Any CPU = Debug|Any CPU
		Release|Any CPU = Release|Any CPU
	EndGlobalSection
	GlobalSection(ProjectConfigurationPlatforms) = postSolution
		{C4497037-CF8E-4DE2-A7F6-AB4F8468BEEE}.Debug|Any CPU.ActiveCfg = Debug|Any CPU
		{C4497037-CF8E-4DE2-A7F6-AB4F8468BEEE}.Debug|Any CPU.Build.0 = Debug|Any CPU
		{C4497037-CF8E-4DE2-A7F6-AB4F8468BEEE}.Release|Any CPU.ActiveCfg = Release|Any CPU
		{C4497037-CF8E-4DE2-A7F6-AB4F8468BEEE}.Release|Any CPU.Build.0 = Release|Any CPU
	EndGlobalSection
	GlobalSection(SolutionProperties) = preSolution
		HideSolutionNode = FALSE
	EndGlobalSection
	GlobalSection(ExtensibilityGlobals) = postSolution
		SolutionGuid = {D3F34AD1-3B01-4980-9211-737BB25554CD}
	EndGlobalSection
EndGlobal
